
Microsoft Visual Studio Solution File, Format Version 12.00
# Visual Studio Version 17
VisualStudioVersion = 17.9.34607.119
MinimumVisualStudioVersion = 10.0.40219.1
Project("{9A19103F-16F7-4668-BE54-9A1E7A4F7556}") = "BulkyWeb", "BulkyWeb\BulkyWeb.csproj", "{C69AA692-7D80-4DCF-B7E0-B5DD635467ED}"
EndProject
Project("{9A19103F-16F7-4668-BE54-9A1E7A4F7556}") = "BulkyWebRazor_Temp", "BulkyWebRazor_Temp\BulkyWebRazor_Temp.csproj", "{408E4F0A-1345-40E2-A51B-C9594B962FC0}"
EndProject
Global
	GlobalSection(SolutionConfigurationPlatforms) = preSolution
		Debug|Any CPU = Debug|Any CPU
		Release|Any CPU = Release|Any CPU
	EndGlobalSection
	GlobalSection(ProjectConfigurationPlatforms) = postSolution
		{C69AA692-7D80-4DCF-B7E0-B5DD635467ED}.Debug|Any CPU.ActiveCfg = Debug|Any CPU
		{C69AA692-7D80-4DCF-B7E0-B5DD635467ED}.Debug|Any CPU.Build.0 = Debug|Any CPU
		{C69AA692-7D80-4DCF-B7E0-B5DD635467ED}.Release|Any CPU.ActiveCfg = Release|Any CPU
		{C69AA692-7D80-4DCF-B7E0-B5DD635467ED}.Release|Any CPU.Build.0 = Release|Any CPU
		{408E4F0A-1345-40E2-A51B-C9594B962FC0}.Debug|Any CPU.ActiveCfg = Debug|Any CPU
		{408E4F0A-1345-40E2-A51B-C9594B962FC0}.Debug|Any CPU.Build.0 = Debug|Any CPU
		{408E4F0A-1345-40E2-A51B-C9594B962FC0}.Release|Any CPU.ActiveCfg = Release|Any CPU
		{408E4F0A-1345-40E2-A51B-C9594B962FC0}.Release|Any CPU.Build.0 = Release|Any CPU
	EndGlobalSection
	GlobalSection(SolutionProperties) = preSolution
		HideSolutionNode = FALSE
	EndGlobalSection
	GlobalSection(ExtensibilityGlobals) = postSolution
		SolutionGuid = {53DE58AE-0BA9-4966-9585-36D94B4FA761}
	EndGlobalSection
EndGlobal
